// !$*UTF8*$!
{
	archiveVersion = 1;
	classes = {
	};
	objectVersion = 56;
	objects = {

/* Begin PBXBuildFile section */
		OR0100000000000000000001 /* IronProtocol/IronProtocolApp.swift in Sources */ = {isa = PBXBuildFile; fileRef = OR0200000000000000000001 /* IronProtocol/IronProtocolApp.swift */; };
		OR0100000000000000000002 /* IronProtocol/IOSTheme.swift in Sources */ = {isa = PBXBuildFile; fileRef = OR0200000000000000000002 /* IronProtocol/IOSTheme.swift */; };
		OR0100000000000000000003 /* IronProtocol/Views.swift in Sources */ = {isa = PBXBuildFile; fileRef = OR0200000000000000000003 /* IronProtocol/Views.swift */; };
		OR0100000000000000000004 /* IronProtocol/AthleteDataStore.swift in Sources */ = {isa = PBXBuildFile; fileRef = OR0200000000000000000006 /* IronProtocol/AthleteDataStore.swift */; };
		OR0100000000000000000005 /* IronProtocol/Assets.xcassets in Resources */ = {isa = PBXBuildFile; fileRef = OR0200000000000000000007 /* IronProtocol/Assets.xcassets */; };
		OR0100000000000000000006 /* IronProtocol/HealthDataStore.swift in Sources */ = {isa = PBXBuildFile; fileRef = OR0200000000000000000008 /* IronProtocol/HealthDataStore.swift */; };
/* End PBXBuildFile section */

/* Begin PBXFileReference section */
		OR0200000000000000000001 /* IronProtocol/IronProtocolApp.swift */ = {isa = PBXFileReference; lastKnownFileType = sourcecode.swift; path = IronProtocol/IronProtocolApp.swift; sourceTree = "<group>"; };
		OR0200000000000000000002 /* IronProtocol/IOSTheme.swift */ = {isa = PBXFileReference; lastKnownFileType = sourcecode.swift; path = IronProtocol/IOSTheme.swift; sourceTree = "<group>"; };
		OR0200000000000000000003 /* IronProtocol/Views.swift */ = {isa = PBXFileReference; lastKnownFileType = sourcecode.swift; path = IronProtocol/Views.swift; sourceTree = "<group>"; };
		OR0200000000000000000005 /* Iron Protocol.app */ = {isa = PBXFileReference; explicitFileType = wrapper.application; includeInIndex = 0; path = "Iron Protocol.app"; sourceTree = BUILT_PRODUCTS_DIR; };
		OR0200000000000000000006 /* IronProtocol/AthleteDataStore.swift */ = {isa = PBXFileReference; lastKnownFileType = sourcecode.swift; path = IronProtocol/AthleteDataStore.swift; sourceTree = "<group>"; };
		OR0200000000000000000007 /* IronProtocol/Assets.xcassets */ = {isa = PBXFileReference; lastKnownFileType = folder.assetcatalog; path = IronProtocol/Assets.xcassets; sourceTree = "<group>"; };
		OR0200000000000000000008 /* IronProtocol/HealthDataStore.swift */ = {isa = PBXFileReference; lastKnownFileType = sourcecode.swift; path = IronProtocol/HealthDataStore.swift; sourceTree = "<group>"; };
		OR0200000000000000000009 /* IronProtocol/IronProtocol.entitlements */ = {isa = PBXFileReference; lastKnownFileType = text.plist.entitlements; path = IronProtocol/IronProtocol.entitlements; sourceTree = "<group>"; };
/* End PBXFileReference section */

/* Begin PBXFrameworksBuildPhase section */
		OR0300000000000000000001 /* Frameworks */ = {
			isa = PBXFrameworksBuildPhase;
			buildActionMask = 2147483647;
			files = (
			);
			runOnlyForDeploymentPostprocessing = 0;
		};
/* End PBXFrameworksBuildPhase section */

/* Begin PBXGroup section */
		OR0400000000000000000001 = {
			isa = PBXGroup;
			children = (
				OR0400000000000000000002,
				OR0400000000000000000003 /* Products */,
			);
			sourceTree = "<group>";
		};
		OR0400000000000000000002 = {
			isa = PBXGroup;
			children = (
				OR0200000000000000000001 /* IronProtocol/IronProtocolApp.swift */,
				OR0200000000000000000002 /* IronProtocol/IOSTheme.swift */,
				OR0200000000000000000006 /* IronProtocol/AthleteDataStore.swift */,
				OR0200000000000000000008 /* IronProtocol/HealthDataStore.swift */,
				OR0200000000000000000003 /* IronProtocol/Views.swift */,
				OR0200000000000000000007 /* IronProtocol/Assets.xcassets */,
				OR0200000000000000000009 /* IronProtocol/IronProtocol.entitlements */,
			);
			sourceTree = "<group>";
		};
		OR0400000000000000000003 /* Products */ = {
			isa = PBXGroup;
			children = (
				OR0200000000000000000005 /* Iron Protocol.app */,
			);
			name = Products;
			sourceTree = "<group>";
		};
/* End PBXGroup section */

/* Begin PBXNativeTarget section */
		OR0500000000000000000001 /* Iron Protocol */ = {
			isa = PBXNativeTarget;
			buildConfigurationList = OR1000000000000000000002 /* Build configuration list for PBXNativeTarget "Iron Protocol" */;
			buildPhases = (
				OR0800000000000000000001 /* Sources */,
				OR0300000000000000000001 /* Frameworks */,
				OR0900000000000000000001 /* Resources */,
			);
			buildRules = (
			);
			dependencies = (
			);
			name = "Iron Protocol";
			productName = "Iron Protocol";
			productReference = OR0200000000000000000005 /* Iron Protocol.app */;
			productType = "com.apple.product-type.application";
		};
/* End PBXNativeTarget section */

/* Begin PBXProject section */
		OR0600000000000000000001 /* Project object */ = {
			isa = PBXProject;
			attributes = {
				BuildIndependentTargetsInParallel = 1;
				LastSwiftUpdateCheck = 1530;
				LastUpgradeCheck = 1530;
				TargetAttributes = {
					OR0500000000000000000001 = {
						CreatedOnToolsVersion = 15.3;
						SystemCapabilities = {
							com.apple.HealthKit = {
								enabled = 1;
							};
						};
					};
				};
			};
			buildConfigurationList = OR1000000000000000000001 /* Build configuration list for PBXProject "Iron Protocol" */;
			compatibilityVersion = "Xcode 14.0";
			developmentRegion = en;
			hasScannedForEncodings = 0;
			knownRegions = (
				en,
				Base,
			);
			mainGroup = OR0400000000000000000001;
			productRefGroup = OR0400000000000000000003 /* Products */;
			projectDirPath = "";
			projectRoot = "";
			targets = (
				OR0500000000000000000001 /* Iron Protocol */,
			);
		};
/* End PBXProject section */

/* Begin PBXResourcesBuildPhase section */
		OR0900000000000000000001 /* Resources */ = {
			isa = PBXResourcesBuildPhase;
			buildActionMask = 2147483647;
			files = (
				OR0100000000000000000005 /* IronProtocol/Assets.xcassets in Resources */,
			);
			runOnlyForDeploymentPostprocessing = 0;
		};
/* End PBXResourcesBuildPhase section */

/* Begin PBXSourcesBuildPhase section */
		OR0800000000000000000001 /* Sources */ = {
			isa = PBXSourcesBuildPhase;
			buildActionMask = 2147483647;
			files = (
				OR0100000000000000000001 /* IronProtocol/IronProtocolApp.swift in Sources */,
				OR0100000000000000000002 /* IronProtocol/IOSTheme.swift in Sources */,
				OR0100000000000000000004 /* IronProtocol/AthleteDataStore.swift in Sources */,
				OR0100000000000000000006 /* IronProtocol/HealthDataStore.swift in Sources */,
				OR0100000000000000000003 /* IronProtocol/Views.swift in Sources */,
			);
			runOnlyForDeploymentPostprocessing = 0;
		};
/* End PBXSourcesBuildPhase section */

/* Begin XCBuildConfiguration section */
		OR1100000000000000000001 /* Debug */ = {
			isa = XCBuildConfiguration;
			buildSettings = {
				ALWAYS_SEARCH_USER_PATHS = NO;
				CLANG_ANALYZER_NONNULL = YES;
				CLANG_ANALYZER_NUMBER_OBJECT_CONVERSION = YES_AGGRESSIVE;
				CLANG_CXX_LANGUAGE_STANDARD = "gnu++20";
				CLANG_ENABLE_MODULES = YES;
				CLANG_ENABLE_OBJC_ARC = YES;
				CLANG_ENABLE_OBJC_WEAK = YES;
				CLANG_WARN_BLOCK_CAPTURE_AUTORELEASING = YES;
				CLANG_WARN_BOOL_CONVERSION = YES;
				CLANG_WARN_COMMA = YES;
				CLANG_WARN_CONSTANT_CONVERSION = YES;
				CLANG_WARN_DEPRECATED_OBJC_IMPLEMENTATIONS = YES;
				CLANG_WARN_DIRECT_OBJC_ISA_USAGE = YES_ERROR;
				CLANG_WARN_DOCUMENTATION_COMMENTS = YES;
				CLANG_WARN_EMPTY_BODY = YES;
				CLANG_WARN_ENUM_CONVERSION = YES;
				CLANG_WARN_INFINITE_RECURSION = YES;
				CLANG_WARN_INT_CONVERSION = YES;
				CLANG_WARN_NON_LITERAL_NULL_CONVERSION = YES;
				CLANG_WARN_OBJC_IMPLICIT_RETAIN_SELF = YES;
				CLANG_WARN_OBJC_LITERAL_CONVERSION = YES;
				CLANG_WARN_OBJC_ROOT_CLASS = YES_ERROR;
				CLANG_WARN_QUOTED_INCLUDE_IN_FRAMEWORK_HEADER = YES;
				CLANG_WARN_RANGE_LOOP_ANALYSIS = YES;
				CLANG_WARN_STRICT_PROTOTYPES = YES;
				CLANG_WARN_SUSPICIOUS_MOVE = YES;
				CLANG_WARN_UNGUARDED_AVAILABILITY = YES_AGGRESSIVE;
				CLANG_WARN_UNREACHABLE_CODE = YES;
				CLANG_WARN__DUPLICATE_METHOD_MATCH = YES;
				COPY_PHASE_STRIP = NO;
				DEBUG_INFORMATION_FORMAT = dwarf;
				ENABLE_STRICT_OBJC_MSGSEND = YES;
				ENABLE_TESTABILITY = YES;
				ENABLE_USER_SCRIPT_SANDBOXING = YES;
				GCC_C_LANGUAGE_STANDARD = gnu17;
				GCC_DYNAMIC_NO_PIC = NO;
				GCC_NO_COMMON_BLOCKS = YES;
				GCC_OPTIMIZATION_LEVEL = 0;
				GCC_PREPROCESSOR_DEFINITIONS = (
					"DEBUG=1",
					"$(inherited)",
				);
				GCC_WARN_64_TO_32_BIT_CONVERSION = YES;
				GCC_WARN_ABOUT_RETURN_TYPE = YES_ERROR;
				GCC_WARN_UNDECLARED_SELECTOR = YES;
				GCC_WARN_UNINITIALIZED_AUTOS = YES_AGGRESSIVE;
				GCC_WARN_UNUSED_FUNCTION = YES;
				GCC_WARN_UNUSED_VARIABLE = YES;
				IPHONEOS_DEPLOYMENT_TARGET = 16.0;
				LOCALIZATION_PREFERS_STRING_CATALOGS = YES;
				MTL_ENABLE_DEBUG_INFO = INCLUDE_SOURCE;
				MTL_FAST_MATH = YES;
				ONLY_ACTIVE_ARCH = YES;
				SDKROOT = iphoneos;
				SWIFT_ACTIVE_COMPILATION_CONDITIONS = "DEBUG $(inherited)";
				SWIFT_OPTIMIZATION_LEVEL = "-Onone";
			};
			name = Debug;
		};
		OR1100000000000000000002 /* Release */ = {
			isa = XCBuildConfiguration;
			buildSettings = {
				ALWAYS_SEARCH_USER_PATHS = NO;
				CLANG_ANALYZER_NONNULL = YES;
				CLANG_ANALYZER_NUMBER_OBJECT_CONVERSION = YES_AGGRESSIVE;
				CLANG_CXX_LANGUAGE_STANDARD = "gnu++20";
				CLANG_ENABLE_MODULES = YES;
				CLANG_ENABLE_OBJC_ARC = YES;
				CLANG_ENABLE_OBJC_WEAK = YES;
				CLANG_WARN_BLOCK_CAPTURE_AUTORELEASING = YES;
				CLANG_WARN_BOOL_CONVERSION = YES;
				CLANG_WARN_COMMA = YES;
				CLANG_WARN_CONSTANT_CONVERSION = YES;
				CLANG_WARN_DEPRECATED_OBJC_IMPLEMENTATIONS = YES;
				CLANG_WARN_DIRECT_OBJC_ISA_USAGE = YES_ERROR;
				CLANG_WARN_DOCUMENTATION_COMMENTS = YES;
				CLANG_WARN_EMPTY_BODY = YES;
				CLANG_WARN_ENUM_CONVERSION = YES;
				CLANG_WARN_INFINITE_RECURSION = YES;
				CLANG_WARN_INT_CONVERSION = YES;
				CLANG_WARN_NON_LITERAL_NULL_CONVERSION = YES;
				CLANG_WARN_OBJC_IMPLICIT_RETAIN_SELF = YES;
				CLANG_WARN_OBJC_LITERAL_CONVERSION = YES;
				CLANG_WARN_OBJC_ROOT_CLASS = YES_ERROR;
				CLANG_WARN_QUOTED_INCLUDE_IN_FRAMEWORK_HEADER = YES;
				CLANG_WARN_RANGE_LOOP_ANALYSIS = YES;
				CLANG_WARN_STRICT_PROTOTYPES = YES;
				CLANG_WARN_SUSPICIOUS_MOVE = YES;
				CLANG_WARN_UNGUARDED_AVAILABILITY = YES_AGGRESSIVE;
				CLANG_WARN_UNREACHABLE_CODE = YES;
				CLANG_WARN__DUPLICATE_METHOD_MATCH = YES;
				COPY_PHASE_STRIP = NO;
				DEBUG_INFORMATION_FORMAT = "dwarf-with-dsym";
				ENABLE_NS_ASSERTIONS = NO;
				ENABLE_STRICT_OBJC_MSGSEND = YES;
				ENABLE_USER_SCRIPT_SANDBOXING = YES;
				GCC_C_LANGUAGE_STANDARD = gnu17;
				GCC_NO_COMMON_BLOCKS = YES;
				GCC_WARN_64_TO_32_BIT_CONVERSION = YES;
				GCC_WARN_ABOUT_RETURN_TYPE = YES_ERROR;
				GCC_WARN_UNDECLARED_SELECTOR = YES;
				GCC_WARN_UNINITIALIZED_AUTOS = YES_AGGRESSIVE;
				GCC_WARN_UNUSED_FUNCTION = YES;
				GCC_WARN_UNUSED_VARIABLE = YES;
				IPHONEOS_DEPLOYMENT_TARGET = 16.0;
				LOCALIZATION_PREFERS_STRING_CATALOGS = YES;
				MTL_ENABLE_DEBUG_INFO = NO;
				MTL_FAST_MATH = YES;
				SDKROOT = iphoneos;
				SWIFT_COMPILATION_MODE = wholemodule;
				VALIDATE_PRODUCT = YES;
			};
			name = Release;
		};
		OR1100000000000000000003 /* Debug */ = {
			isa = XCBuildConfiguration;
			buildSettings = {
				CODE_SIGN_STYLE = Automatic;
				CODE_SIGN_ENTITLEMENTS = IronProtocol/IronProtocol.entitlements;
				CURRENT_PROJECT_VERSION = 1;
				DEVELOPMENT_TEAM = 448AMBY24P;
				ENABLE_PREVIEWS = YES;
				GENERATE_INFOPLIST_FILE = YES;
				ASSETCATALOG_COMPILER_APPICON_NAME = AppIcon;
				INFOPLIST_KEY_CFBundleDisplayName = "Iron Protocol";
				INFOPLIST_KEY_LSApplicationCategoryType = "public.app-category.healthcare-fitness";
				INFOPLIST_KEY_NSHealthShareUsageDescription = "Iron Protocol 需要读取步数、睡眠、心率和活动数据，用于训练恢复、执行趋势和身体管理分析。";
				INFOPLIST_KEY_UIApplicationSupportsIndirectInputEvents = YES;
				INFOPLIST_KEY_UILaunchScreen_Generation = YES;
				INFOPLIST_KEY_UISupportedInterfaceOrientations = UIInterfaceOrientationPortrait;
				INFOPLIST_KEY_UISupportedInterfaceOrientations_iPad = "UIInterfaceOrientationPortrait UIInterfaceOrientationPortraitUpsideDown";
				IPHONEOS_DEPLOYMENT_TARGET = 16.0;
				LD_RUNPATH_SEARCH_PATHS = (
					"$(inherited)",
					"@executable_path/Frameworks",
				);
				MARKETING_VERSION = 0.1.0;
				PRODUCT_BUNDLE_IDENTIFIER = com.alex.ironprotocol;
				PRODUCT_NAME = "Iron Protocol";
				SUPPORTED_PLATFORMS = "iphoneos iphonesimulator";
				SUPPORTS_MACCATALYST = NO;
				SWIFT_EMIT_LOC_STRINGS = YES;
				SWIFT_VERSION = 5.0;
				TARGETED_DEVICE_FAMILY = "1,2";
			};
			name = Debug;
		};
		OR1100000000000000000004 /* Release */ = {
			isa = XCBuildConfiguration;
			buildSettings = {
				CODE_SIGN_STYLE = Automatic;
				CODE_SIGN_ENTITLEMENTS = IronProtocol/IronProtocol.entitlements;
				CURRENT_PROJECT_VERSION = 1;
				DEVELOPMENT_TEAM = 448AMBY24P;
				ENABLE_PREVIEWS = YES;
				GENERATE_INFOPLIST_FILE = YES;
				ASSETCATALOG_COMPILER_APPICON_NAME = AppIcon;
				INFOPLIST_KEY_CFBundleDisplayName = "Iron Protocol";
				INFOPLIST_KEY_LSApplicationCategoryType = "public.app-category.healthcare-fitness";
				INFOPLIST_KEY_NSHealthShareUsageDescription = "Iron Protocol 需要读取步数、睡眠、心率和活动数据，用于训练恢复、执行趋势和身体管理分析。";
				INFOPLIST_KEY_UIApplicationSupportsIndirectInputEvents = YES;
				INFOPLIST_KEY_UILaunchScreen_Generation = YES;
				INFOPLIST_KEY_UISupportedInterfaceOrientations = UIInterfaceOrientationPortrait;
				INFOPLIST_KEY_UISupportedInterfaceOrientations_iPad = "UIInterfaceOrientationPortrait UIInterfaceOrientationPortraitUpsideDown";
				IPHONEOS_DEPLOYMENT_TARGET = 16.0;
				LD_RUNPATH_SEARCH_PATHS = (
					"$(inherited)",
					"@executable_path/Frameworks",
				);
				MARKETING_VERSION = 0.1.0;
				PRODUCT_BUNDLE_IDENTIFIER = com.alex.ironprotocol;
				PRODUCT_NAME = "Iron Protocol";
				SUPPORTED_PLATFORMS = "iphoneos iphonesimulator";
				SUPPORTS_MACCATALYST = NO;
				SWIFT_EMIT_LOC_STRINGS = YES;
				SWIFT_VERSION = 5.0;
				TARGETED_DEVICE_FAMILY = "1,2";
			};
			name = Release;
		};
/* End XCBuildConfiguration section */

/* Begin XCConfigurationList section */
		OR1000000000000000000001 /* Build configuration list for PBXProject "Iron Protocol" */ = {
			isa = XCConfigurationList;
			buildConfigurations = (
				OR1100000000000000000001 /* Debug */,
				OR1100000000000000000002 /* Release */,
			);
			defaultConfigurationIsVisible = 0;
			defaultConfigurationName = Release;
		};
		OR1000000000000000000002 /* Build configuration list for PBXNativeTarget "Iron Protocol" */ = {
			isa = XCConfigurationList;
			buildConfigurations = (
				OR1100000000000000000003 /* Debug */,
				OR1100000000000000000004 /* Release */,
			);
			defaultConfigurationIsVisible = 0;
			defaultConfigurationName = Release;
		};
/* End XCConfigurationList section */
	};
	rootObject = OR0600000000000000000001 /* Project object */;
}
